
Microsoft Visual Studio Solution File, Format Version 12.00
# Visual Studio Version 17
VisualStudioVersion = 17.7.34202.233
MinimumVisualStudioVersion = 10.0.40219.1
Project("{9A19103F-16F7-4668-BE54-9A1E7A4F7556}") = "Admin.UI", "Admin.UI\Admin.UI.csproj", "{DBB04402-C82E-47CA-9440-1B262C490BD2}"
EndProject
Project("{9A19103F-16F7-4668-BE54-9A1E7A4F7556}") = "Admin.Application", "Admin.Application\Admin.Application.csproj", "{63D9C2CC-2661-4239-95F4-9008069F40F5}"
EndProject
Project("{9A19103F-16F7-4668-BE54-9A1E7A4F7556}") = "Admin.Domain", "Admin.Domain\Admin.Domain.csproj", "{49EA34EB-904C-4369-974D-AD9B6BD6B61B}"
EndProject
Project("{2150E333-8FDC-42A3-9474-1A3956D46DE8}") = "0 - UI", "0 - UI", "{C6C95AE8-8D47-4022-89BD-D810926E4C5C}"
EndProject
Project("{2150E333-8FDC-42A3-9474-1A3956D46DE8}") = "1 - Application", "1 - Application", "{152A8FF7-9525-4DC7-95FC-59368F363537}"
EndProject
Project("{2150E333-8FDC-42A3-9474-1A3956D46DE8}") = "2 - Core", "2 - Core", "{32EFD332-4CBA-428A-A35F-6ECFB762F4ED}"
EndProject
Project("{2150E333-8FDC-42A3-9474-1A3956D46DE8}") = "3 - Infrastructure", "3 - Infrastructure", "{9041C9A0-7A73-4482-8E17-531670ED2FA0}"
EndProject
Project("{9A19103F-16F7-4668-BE54-9A1E7A4F7556}") = "Admin.Infra", "Admin.Infra\Admin.Infra.csproj", "{FBEF7C04-1509-438A-B240-E8583C4B2B34}"
EndProject
Project("{9A19103F-16F7-4668-BE54-9A1E7A4F7556}") = "Admin.Core", "Admin.Core\Admin.Core.csproj", "{DDB3E473-0154-4894-B4F0-3FB53DBE7827}"
EndProject
Project("{2150E333-8FDC-42A3-9474-1A3956D46DE8}") = "3.1 - Data", "3.1 - Data", "{F58B6F39-B493-46BB-8D7A-1B3214F3465A}"
EndProject
Project("{2150E333-8FDC-42A3-9474-1A3956D46DE8}") = "3.2 - Cross Cutting", "3.2 - Cross Cutting", "{5CDD0388-53F7-4897-B12E-99A3067103A8}"
EndProject
Project("{9A19103F-16F7-4668-BE54-9A1E7A4F7556}") = "Admin.CrossCutting", "Admin.CrossCutting\Admin.CrossCutting.csproj", "{39D64104-51C1-4893-999A-9260D9ACEE19}"
EndProject
Project("{2150E333-8FDC-42A3-9474-1A3956D46DE8}") = "3.3 - Building Blocks", "3.3 - Building Blocks", "{2C76302F-3C32-47F1-86D8-B9133928659E}"
EndProject
Project("{2150E333-8FDC-42A3-9474-1A3956D46DE8}") = "src", "src", "{C20BF02A-539B-48A7-A91F-18679EA081A2}"
EndProject
Project("{2150E333-8FDC-42A3-9474-1A3956D46DE8}") = "tests", "tests", "{52893653-642F-43A5-B4A4-EA066295F7E5}"
EndProject
Project("{FAE04EC0-301F-11D3-BF4B-00C04F79EFBC}") = "Admin.Application.Tests", "Admin.Application.Tests\Admin.Application.Tests.csproj", "{1838E670-EC06-4B55-97BA-71A21FD95B38}"
EndProject
Global
	GlobalSection(SolutionConfigurationPlatforms) = preSolution
		Debug|Any CPU = Debug|Any CPU
		Release|Any CPU = Release|Any CPU
	EndGlobalSection
	GlobalSection(ProjectConfigurationPlatforms) = postSolution
		{DBB04402-C82E-47CA-9440-1B262C490BD2}.Debug|Any CPU.ActiveCfg = Debug|Any CPU
		{DBB04402-C82E-47CA-9440-1B262C490BD2}.Debug|Any CPU.Build.0 = Debug|Any CPU
		{DBB04402-C82E-47CA-9440-1B262C490BD2}.Release|Any CPU.ActiveCfg = Release|Any CPU
		{DBB04402-C82E-47CA-9440-1B262C490BD2}.Release|Any CPU.Build.0 = Release|Any CPU
		{63D9C2CC-2661-4239-95F4-9008069F40F5}.Debug|Any CPU.ActiveCfg = Debug|Any CPU
		{63D9C2CC-2661-4239-95F4-9008069F40F5}.Debug|Any CPU.Build.0 = Debug|Any CPU
		{63D9C2CC-2661-4239-95F4-9008069F40F5}.Release|Any CPU.ActiveCfg = Release|Any CPU
		{63D9C2CC-2661-4239-95F4-9008069F40F5}.Release|Any CPU.Build.0 = Release|Any CPU
		{49EA34EB-904C-4369-974D-AD9B6BD6B61B}.Debug|Any CPU.ActiveCfg = Debug|Any CPU
		{49EA34EB-904C-4369-974D-AD9B6BD6B61B}.Debug|Any CPU.Build.0 = Debug|Any CPU
		{49EA34EB-904C-4369-974D-AD9B6BD6B61B}.Release|Any CPU.ActiveCfg = Release|Any CPU
		{49EA34EB-904C-4369-974D-AD9B6BD6B61B}.Release|Any CPU.Build.0 = Release|Any CPU
		{FBEF7C04-1509-438A-B240-E8583C4B2B34}.Debug|Any CPU.ActiveCfg = Debug|Any CPU
		{FBEF7C04-1509-438A-B240-E8583C4B2B34}.Debug|Any CPU.Build.0 = Debug|Any CPU
		{FBEF7C04-1509-438A-B240-E8583C4B2B34}.Release|Any CPU.ActiveCfg = Release|Any CPU
		{FBEF7C04-1509-438A-B240-E8583C4B2B34}.Release|Any CPU.Build.0 = Release|Any CPU
		{DDB3E473-0154-4894-B4F0-3FB53DBE7827}.Debug|Any CPU.ActiveCfg = Debug|Any CPU
		{DDB3E473-0154-4894-B4F0-3FB53DBE7827}.Debug|Any CPU.Build.0 = Debug|Any CPU
		{DDB3E473-0154-4894-B4F0-3FB53DBE7827}.Release|Any CPU.ActiveCfg = Release|Any CPU
		{DDB3E473-0154-4894-B4F0-3FB53DBE7827}.Release|Any CPU.Build.0 = Release|Any CPU
		{39D64104-51C1-4893-999A-9260D9ACEE19}.Debug|Any CPU.ActiveCfg = Debug|Any CPU
		{39D64104-51C1-4893-999A-9260D9ACEE19}.Debug|Any CPU.Build.0 = Debug|Any CPU
		{39D64104-51C1-4893-999A-9260D9ACEE19}.Release|Any CPU.ActiveCfg = Release|Any CPU
		{39D64104-51C1-4893-999A-9260D9ACEE19}.Release|Any CPU.Build.0 = Release|Any CPU
		{1838E670-EC06-4B55-97BA-71A21FD95B38}.Debug|Any CPU.ActiveCfg = Debug|Any CPU
		{1838E670-EC06-4B55-97BA-71A21FD95B38}.Debug|Any CPU.Build.0 = Debug|Any CPU
		{1838E670-EC06-4B55-97BA-71A21FD95B38}.Release|Any CPU.ActiveCfg = Release|Any CPU
		{1838E670-EC06-4B55-97BA-71A21FD95B38}.Release|Any CPU.Build.0 = Release|Any CPU
	EndGlobalSection
	GlobalSection(SolutionProperties) = preSolution
		HideSolutionNode = FALSE
	EndGlobalSection
	GlobalSection(NestedProjects) = preSolution
		{DBB04402-C82E-47CA-9440-1B262C490BD2} = {C6C95AE8-8D47-4022-89BD-D810926E4C5C}
		{63D9C2CC-2661-4239-95F4-9008069F40F5} = {152A8FF7-9525-4DC7-95FC-59368F363537}
		{49EA34EB-904C-4369-974D-AD9B6BD6B61B} = {32EFD332-4CBA-428A-A35F-6ECFB762F4ED}
		{C6C95AE8-8D47-4022-89BD-D810926E4C5C} = {C20BF02A-539B-48A7-A91F-18679EA081A2}
		{152A8FF7-9525-4DC7-95FC-59368F363537} = {C20BF02A-539B-48A7-A91F-18679EA081A2}
		{32EFD332-4CBA-428A-A35F-6ECFB762F4ED} = {C20BF02A-539B-48A7-A91F-18679EA081A2}
		{9041C9A0-7A73-4482-8E17-531670ED2FA0} = {C20BF02A-539B-48A7-A91F-18679EA081A2}
		{FBEF7C04-1509-438A-B240-E8583C4B2B34} = {F58B6F39-B493-46BB-8D7A-1B3214F3465A}
		{DDB3E473-0154-4894-B4F0-3FB53DBE7827} = {2C76302F-3C32-47F1-86D8-B9133928659E}
		{F58B6F39-B493-46BB-8D7A-1B3214F3465A} = {9041C9A0-7A73-4482-8E17-531670ED2FA0}
		{5CDD0388-53F7-4897-B12E-99A3067103A8} = {9041C9A0-7A73-4482-8E17-531670ED2FA0}
		{39D64104-51C1-4893-999A-9260D9ACEE19} = {5CDD0388-53F7-4897-B12E-99A3067103A8}
		{2C76302F-3C32-47F1-86D8-B9133928659E} = {9041C9A0-7A73-4482-8E17-531670ED2FA0}
		{1838E670-EC06-4B55-97BA-71A21FD95B38} = {52893653-642F-43A5-B4A4-EA066295F7E5}
	EndGlobalSection
	GlobalSection(ExtensibilityGlobals) = postSolution
		SolutionGuid = {2BE3DB3F-48A6-4C13-99DC-22227147883F}
	EndGlobalSection
EndGlobal
